
Microsoft Visual Studio Solution File, Format Version 12.00
# Visual Studio Version 17
VisualStudioVersion = 17.5.33414.496
MinimumVisualStudioVersion = 10.0.40219.1
Project("{9A19103F-16F7-4668-BE54-9A1E7A4F7556}") = "Bert.App", "Bert.App\Bert.App.csproj", "{60C63976-4ED3-4B53-8933-65D2327A1302}"
EndProject
Project("{9A19103F-16F7-4668-BE54-9A1E7A4F7556}") = "Bert.Nuget", "Bert.Nuget\Bert.Nuget.csproj", "{A3F71802-1BA6-4CEA-B23C-26865264E832}"
EndProject
Project("{FAE04EC0-301F-11D3-BF4B-00C04F79EFBC}") = "Bert.Wpf", "Bert.Wpf\Bert.Wpf.csproj", "{E6746E74-911B-4BF7-B8F4-4AC9B7BE423E}"
EndProject
Global
	GlobalSection(SolutionConfigurationPlatforms) = preSolution
		Debug|Any CPU = Debug|Any CPU
		Release|Any CPU = Release|Any CPU
	EndGlobalSection
	GlobalSection(ProjectConfigurationPlatforms) = postSolution
		{60C63976-4ED3-4B53-8933-65D2327A1302}.Debug|Any CPU.ActiveCfg = Debug|Any CPU
		{60C63976-4ED3-4B53-8933-65D2327A1302}.Debug|Any CPU.Build.0 = Debug|Any CPU
		{60C63976-4ED3-4B53-8933-65D2327A1302}.Release|Any CPU.ActiveCfg = Release|Any CPU
		{60C63976-4ED3-4B53-8933-65D2327A1302}.Release|Any CPU.Build.0 = Release|Any CPU
		{A3F71802-1BA6-4CEA-B23C-26865264E832}.Debug|Any CPU.ActiveCfg = Debug|Any CPU
		{A3F71802-1BA6-4CEA-B23C-26865264E832}.Debug|Any CPU.Build.0 = Debug|Any CPU
		{A3F71802-1BA6-4CEA-B23C-26865264E832}.Release|Any CPU.ActiveCfg = Release|Any CPU
		{A3F71802-1BA6-4CEA-B23C-26865264E832}.Release|Any CPU.Build.0 = Release|Any CPU
		{E6746E74-911B-4BF7-B8F4-4AC9B7BE423E}.Debug|Any CPU.ActiveCfg = Debug|Any CPU
		{E6746E74-911B-4BF7-B8F4-4AC9B7BE423E}.Debug|Any CPU.Build.0 = Debug|Any CPU
		{E6746E74-911B-4BF7-B8F4-4AC9B7BE423E}.Release|Any CPU.ActiveCfg = Release|Any CPU
		{E6746E74-911B-4BF7-B8F4-4AC9B7BE423E}.Release|Any CPU.Build.0 = Release|Any CPU
	EndGlobalSection
	GlobalSection(SolutionProperties) = preSolution
		HideSolutionNode = FALSE
	EndGlobalSection
	GlobalSection(ExtensibilityGlobals) = postSolution
		SolutionGuid = {A5DFB020-4612-459F-8556-BD11FACABB0C}
	EndGlobalSection
EndGlobal
